
Microsoft Visual Studio Solution File, Format Version 12.00
# Visual Studio Version 17
VisualStudioVersion = 17.8.34309.116
MinimumVisualStudioVersion = 10.0.40219.1
Project("{FAE04EC0-301F-11D3-BF4B-00C04F79EFBC}") = "Core", "Core\Core.csproj", "{BCE7E242-F887-41A6-8651-CDECE37B61F8}"
EndProject
Project("{FAE04EC0-301F-11D3-BF4B-00C04F79EFBC}") = "LoginPage.Business", "LoginPage.Business\LoginPage.Business.csproj", "{224F9E57-9434-4E68-A611-B6743B89E203}"
EndProject
Project("{FAE04EC0-301F-11D3-BF4B-00C04F79EFBC}") = "LoginPage.CoreMVCUI", "LoginPage.CoreMVCUI\LoginPage.CoreMVCUI.csproj", "{B7EE4537-F110-48A4-92F7-7C97EC3CC084}"
EndProject
Project("{FAE04EC0-301F-11D3-BF4B-00C04F79EFBC}") = "LoginPage.DataAccess", "LoginPage.DataAccess\LoginPage.DataAccess.csproj", "{A602A285-5D64-42FD-B934-8D2A8A574188}"
EndProject
Project("{FAE04EC0-301F-11D3-BF4B-00C04F79EFBC}") = "LoginPage.Model", "LoginPage.Model\LoginPage.Model.csproj", "{B991A3AA-0259-4C66-8E0E-F22408319DF5}"
EndProject
Global
	GlobalSection(SolutionConfigurationPlatforms) = preSolution
		Debug|Any CPU = Debug|Any CPU
		Release|Any CPU = Release|Any CPU
	EndGlobalSection
	GlobalSection(ProjectConfigurationPlatforms) = postSolution
		{BCE7E242-F887-41A6-8651-CDECE37B61F8}.Debug|Any CPU.ActiveCfg = Debug|Any CPU
		{BCE7E242-F887-41A6-8651-CDECE37B61F8}.Debug|Any CPU.Build.0 = Debug|Any CPU
		{BCE7E242-F887-41A6-8651-CDECE37B61F8}.Release|Any CPU.ActiveCfg = Release|Any CPU
		{BCE7E242-F887-41A6-8651-CDECE37B61F8}.Release|Any CPU.Build.0 = Release|Any CPU
		{224F9E57-9434-4E68-A611-B6743B89E203}.Debug|Any CPU.ActiveCfg = Debug|Any CPU
		{224F9E57-9434-4E68-A611-B6743B89E203}.Debug|Any CPU.Build.0 = Debug|Any CPU
		{224F9E57-9434-4E68-A611-B6743B89E203}.Release|Any CPU.ActiveCfg = Release|Any CPU
		{224F9E57-9434-4E68-A611-B6743B89E203}.Release|Any CPU.Build.0 = Release|Any CPU
		{B7EE4537-F110-48A4-92F7-7C97EC3CC084}.Debug|Any CPU.ActiveCfg = Debug|Any CPU
		{B7EE4537-F110-48A4-92F7-7C97EC3CC084}.Debug|Any CPU.Build.0 = Debug|Any CPU
		{B7EE4537-F110-48A4-92F7-7C97EC3CC084}.Release|Any CPU.ActiveCfg = Release|Any CPU
		{B7EE4537-F110-48A4-92F7-7C97EC3CC084}.Release|Any CPU.Build.0 = Release|Any CPU
		{A602A285-5D64-42FD-B934-8D2A8A574188}.Debug|Any CPU.ActiveCfg = Debug|Any CPU
		{A602A285-5D64-42FD-B934-8D2A8A574188}.Debug|Any CPU.Build.0 = Debug|Any CPU
		{A602A285-5D64-42FD-B934-8D2A8A574188}.Release|Any CPU.ActiveCfg = Release|Any CPU
		{A602A285-5D64-42FD-B934-8D2A8A574188}.Release|Any CPU.Build.0 = Release|Any CPU
		{B991A3AA-0259-4C66-8E0E-F22408319DF5}.Debug|Any CPU.ActiveCfg = Debug|Any CPU
		{B991A3AA-0259-4C66-8E0E-F22408319DF5}.Debug|Any CPU.Build.0 = Debug|Any CPU
		{B991A3AA-0259-4C66-8E0E-F22408319DF5}.Release|Any CPU.ActiveCfg = Release|Any CPU
		{B991A3AA-0259-4C66-8E0E-F22408319DF5}.Release|Any CPU.Build.0 = Release|Any CPU
	EndGlobalSection
	GlobalSection(SolutionProperties) = preSolution
		HideSolutionNode = FALSE
	EndGlobalSection
	GlobalSection(ExtensibilityGlobals) = postSolution
		SolutionGuid = {B2BCFA3A-108E-4E00-8C80-B250340A61DD}
	EndGlobalSection
EndGlobal
